
Microsoft Visual Studio Solution File, Format Version 12.00
# Visual Studio Version 16
VisualStudioVersion = 16.0.28721.148
MinimumVisualStudioVersion = 15.0.26124.0
Project("{2150E333-8FDC-42A3-9474-1A3956D46DE8}") = "src", "src", "{C7083B24-EA74-4B16-816A-76DED589605B}"
EndProject
Project("{2150E333-8FDC-42A3-9474-1A3956D46DE8}") = "01 - Presentation", "01 - Presentation", "{BB19AC9B-EB69-4814-B556-A727503A380E}"
EndProject
Project("{2150E333-8FDC-42A3-9474-1A3956D46DE8}") = "02 - Services", "02 - Services", "{705FCF55-FE07-45D0-BBF1-8283EEFD27AE}"
EndProject
Project("{2150E333-8FDC-42A3-9474-1A3956D46DE8}") = "03 - Application", "03 - Application", "{2E0EBA87-45E3-43B6-80D0-6358B5AE8406}"
EndProject
Project("{2150E333-8FDC-42A3-9474-1A3956D46DE8}") = "04 - Domain", "04 - Domain", "{60006D6B-407C-4425-A6AD-B04C953D2754}"
EndProject
Project("{2150E333-8FDC-42A3-9474-1A3956D46DE8}") = "05 - Infrastructure", "05 - Infrastructure", "{FDE4E92A-9182-4D42-9553-8A9693A55ED0}"
EndProject
Project("{2150E333-8FDC-42A3-9474-1A3956D46DE8}") = "5.1 - Data", "5.1 - Data", "{473E7CC2-EAD4-45A7-BE0B-F5CE2F2308C7}"
EndProject
Project("{2150E333-8FDC-42A3-9474-1A3956D46DE8}") = "5.2 - CrossCutting", "5.2 - CrossCutting", "{A219AE4F-6744-4F74-B5F8-99D772DBEA43}"
EndProject
Project("{9A19103F-16F7-4668-BE54-9A1E7A4F7556}") = "dwa.infra.crosscutting.ioc", "src\dwa.infra.crosscutting.ioc\dwa.infra.crosscutting.ioc.csproj", "{A6CD2C66-8B16-4DDA-822A-9571441AD484}"
EndProject
Project("{9A19103F-16F7-4668-BE54-9A1E7A4F7556}") = "dwa.infra.data", "src\dwa.infra.data\dwa.infra.data.csproj", "{EA3FF4B1-3A67-4A12-8054-10B1D521D6E7}"
EndProject
Project("{9A19103F-16F7-4668-BE54-9A1E7A4F7556}") = "dwa.domain", "src\dwa.domain\dwa.domain.csproj", "{B866CA16-6FEC-47FC-8CDF-9AAAF102BBD7}"
EndProject
Project("{9A19103F-16F7-4668-BE54-9A1E7A4F7556}") = "dwa.application", "src\dwa.application\dwa.application.csproj", "{C24C1577-08F0-4BCB-8F60-1B5DB8131DC8}"
EndProject
Project("{9A19103F-16F7-4668-BE54-9A1E7A4F7556}") = "dwa.webapi", "src\dwa.webapi\dwa.webapi.csproj", "{F99C4F94-3611-46EF-B780-37A95DCDD5D0}"
EndProject
Project("{9A19103F-16F7-4668-BE54-9A1E7A4F7556}") = "dwa.ui.web", "src\dwa.ui.web\dwa.ui.web.csproj", "{287CDC2B-0E08-4F89-8894-DA89D608C718}"
EndProject
Project("{FAE04EC0-301F-11D3-BF4B-00C04F79EFBC}") = "demoscroll", "src\demoscroll\demoscroll.csproj", "{DD455628-0D71-4AE9-9E17-67B4DEF90185}"
EndProject
Global
	GlobalSection(SolutionConfigurationPlatforms) = preSolution
		Debug|Any CPU = Debug|Any CPU
		Release|Any CPU = Release|Any CPU
	EndGlobalSection
	GlobalSection(ProjectConfigurationPlatforms) = postSolution
		{A6CD2C66-8B16-4DDA-822A-9571441AD484}.Debug|Any CPU.ActiveCfg = Debug|Any CPU
		{A6CD2C66-8B16-4DDA-822A-9571441AD484}.Debug|Any CPU.Build.0 = Debug|Any CPU
		{A6CD2C66-8B16-4DDA-822A-9571441AD484}.Release|Any CPU.ActiveCfg = Release|Any CPU
		{A6CD2C66-8B16-4DDA-822A-9571441AD484}.Release|Any CPU.Build.0 = Release|Any CPU
		{EA3FF4B1-3A67-4A12-8054-10B1D521D6E7}.Debug|Any CPU.ActiveCfg = Debug|Any CPU
		{EA3FF4B1-3A67-4A12-8054-10B1D521D6E7}.Debug|Any CPU.Build.0 = Debug|Any CPU
		{EA3FF4B1-3A67-4A12-8054-10B1D521D6E7}.Release|Any CPU.ActiveCfg = Release|Any CPU
		{EA3FF4B1-3A67-4A12-8054-10B1D521D6E7}.Release|Any CPU.Build.0 = Release|Any CPU
		{B866CA16-6FEC-47FC-8CDF-9AAAF102BBD7}.Debug|Any CPU.ActiveCfg = Debug|Any CPU
		{B866CA16-6FEC-47FC-8CDF-9AAAF102BBD7}.Debug|Any CPU.Build.0 = Debug|Any CPU
		{B866CA16-6FEC-47FC-8CDF-9AAAF102BBD7}.Release|Any CPU.ActiveCfg = Release|Any CPU
		{B866CA16-6FEC-47FC-8CDF-9AAAF102BBD7}.Release|Any CPU.Build.0 = Release|Any CPU
		{C24C1577-08F0-4BCB-8F60-1B5DB8131DC8}.Debug|Any CPU.ActiveCfg = Debug|Any CPU
		{C24C1577-08F0-4BCB-8F60-1B5DB8131DC8}.Debug|Any CPU.Build.0 = Debug|Any CPU
		{C24C1577-08F0-4BCB-8F60-1B5DB8131DC8}.Release|Any CPU.ActiveCfg = Release|Any CPU
		{C24C1577-08F0-4BCB-8F60-1B5DB8131DC8}.Release|Any CPU.Build.0 = Release|Any CPU
		{F99C4F94-3611-46EF-B780-37A95DCDD5D0}.Debug|Any CPU.ActiveCfg = Debug|Any CPU
		{F99C4F94-3611-46EF-B780-37A95DCDD5D0}.Debug|Any CPU.Build.0 = Debug|Any CPU
		{F99C4F94-3611-46EF-B780-37A95DCDD5D0}.Release|Any CPU.ActiveCfg = Release|Any CPU
		{F99C4F94-3611-46EF-B780-37A95DCDD5D0}.Release|Any CPU.Build.0 = Release|Any CPU
		{287CDC2B-0E08-4F89-8894-DA89D608C718}.Debug|Any CPU.ActiveCfg = Debug|Any CPU
		{287CDC2B-0E08-4F89-8894-DA89D608C718}.Debug|Any CPU.Build.0 = Debug|Any CPU
		{287CDC2B-0E08-4F89-8894-DA89D608C718}.Release|Any CPU.ActiveCfg = Release|Any CPU
		{287CDC2B-0E08-4F89-8894-DA89D608C718}.Release|Any CPU.Build.0 = Release|Any CPU
		{DD455628-0D71-4AE9-9E17-67B4DEF90185}.Debug|Any CPU.ActiveCfg = Debug|Any CPU
		{DD455628-0D71-4AE9-9E17-67B4DEF90185}.Debug|Any CPU.Build.0 = Debug|Any CPU
		{DD455628-0D71-4AE9-9E17-67B4DEF90185}.Release|Any CPU.ActiveCfg = Release|Any CPU
		{DD455628-0D71-4AE9-9E17-67B4DEF90185}.Release|Any CPU.Build.0 = Release|Any CPU
	EndGlobalSection
	GlobalSection(SolutionProperties) = preSolution
		HideSolutionNode = FALSE
	EndGlobalSection
	GlobalSection(NestedProjects) = preSolution
		{BB19AC9B-EB69-4814-B556-A727503A380E} = {C7083B24-EA74-4B16-816A-76DED589605B}
		{705FCF55-FE07-45D0-BBF1-8283EEFD27AE} = {C7083B24-EA74-4B16-816A-76DED589605B}
		{2E0EBA87-45E3-43B6-80D0-6358B5AE8406} = {C7083B24-EA74-4B16-816A-76DED589605B}
		{60006D6B-407C-4425-A6AD-B04C953D2754} = {C7083B24-EA74-4B16-816A-76DED589605B}
		{FDE4E92A-9182-4D42-9553-8A9693A55ED0} = {C7083B24-EA74-4B16-816A-76DED589605B}
		{473E7CC2-EAD4-45A7-BE0B-F5CE2F2308C7} = {FDE4E92A-9182-4D42-9553-8A9693A55ED0}
		{A219AE4F-6744-4F74-B5F8-99D772DBEA43} = {FDE4E92A-9182-4D42-9553-8A9693A55ED0}
		{A6CD2C66-8B16-4DDA-822A-9571441AD484} = {A219AE4F-6744-4F74-B5F8-99D772DBEA43}
		{EA3FF4B1-3A67-4A12-8054-10B1D521D6E7} = {473E7CC2-EAD4-45A7-BE0B-F5CE2F2308C7}
		{B866CA16-6FEC-47FC-8CDF-9AAAF102BBD7} = {60006D6B-407C-4425-A6AD-B04C953D2754}
		{C24C1577-08F0-4BCB-8F60-1B5DB8131DC8} = {2E0EBA87-45E3-43B6-80D0-6358B5AE8406}
		{F99C4F94-3611-46EF-B780-37A95DCDD5D0} = {705FCF55-FE07-45D0-BBF1-8283EEFD27AE}
		{287CDC2B-0E08-4F89-8894-DA89D608C718} = {BB19AC9B-EB69-4814-B556-A727503A380E}
		{DD455628-0D71-4AE9-9E17-67B4DEF90185} = {C7083B24-EA74-4B16-816A-76DED589605B}
	EndGlobalSection
	GlobalSection(ExtensibilityGlobals) = postSolution
		SolutionGuid = {425890B5-A845-4908-A852-7F4B47F6285C}
	EndGlobalSection
EndGlobal
